
Microsoft Visual Studio Solution File, Format Version 12.00
# Visual Studio Version 17
VisualStudioVersion = 17.8.34330.188
MinimumVisualStudioVersion = 10.0.40219.1
Project("{FAE04EC0-301F-11D3-BF4B-00C04F79EFBC}") = "HR.Domain", "src\HR.Domain\HR.Domain.csproj", "{A1B2C3D4-1111-4000-8000-000000000001}"
EndProject
Project("{FAE04EC0-301F-11D3-BF4B-00C04F79EFBC}") = "HR.Application", "src\HR.Application\HR.Application.csproj", "{A1B2C3D4-2222-4000-8000-000000000002}"
EndProject
Project("{FAE04EC0-301F-11D3-BF4B-00C04F79EFBC}") = "HR.Infrastructure", "src\HR.Infrastructure\HR.Infrastructure.csproj", "{A1B2C3D4-3333-4000-8000-000000000003}"
EndProject
Project("{FAE04EC0-301F-11D3-BF4B-00C04F79EFBC}") = "HR.Api", "src\HR.Api\HR.Api.csproj", "{A1B2C3D4-4444-4000-8000-000000000004}"
EndProject
Project("{FAE04EC0-301F-11D3-BF4B-00C04F79EFBC}") = "HR.Modules.Core", "src\HR.Modules\Core\HR.Modules.Core.csproj", "{A1B2C3D4-5555-4000-8000-000000000005}"
EndProject
Project("{FAE04EC0-301F-11D3-BF4B-00C04F79EFBC}") = "HR.Modules.Tenancy", "src\HR.Modules\Tenancy\HR.Modules.Tenancy.csproj", "{A1B2C3D4-6666-4000-8000-000000000006}"
EndProject
Project("{FAE04EC0-301F-11D3-BF4B-00C04F79EFBC}") = "HR.Modules.Identity", "src\HR.Modules\Identity\HR.Modules.Identity.csproj", "{A1B2C3D4-7777-4000-8000-000000000007}"
EndProject
Project("{FAE04EC0-301F-11D3-BF4B-00C04F79EFBC}") = "HR.Modules.Employees", "src\HR.Modules\Employees\HR.Modules.Employees.csproj", "{A1B2C3D4-8888-4000-8000-000000000008}"
EndProject
Project("{FAE04EC0-301F-11D3-BF4B-00C04F79EFBC}") = "HR.Modules.Tasks", "src\HR.Modules\Tasks\HR.Modules.Tasks.csproj", "{A1B2C3D4-9999-4000-8000-000000000009}"
EndProject
Project("{FAE04EC0-301F-11D3-BF4B-00C04F79EFBC}") = "HR.Modules.Settings", "src\HR.Modules\Settings\HR.Modules.Settings.csproj", "{A1B2C3D4-AAAA-4000-8000-00000000000A}"
EndProject
Project("{FAE04EC0-301F-11D3-BF4B-00C04F79EFBC}") = "HR.Modules.ESS", "src\HR.Modules\ESS\HR.Modules.ESS.csproj", "{A1B2C3D4-BBBB-4000-8000-00000000000B}"
EndProject
Project("{FAE04EC0-301F-11D3-BF4B-00C04F79EFBC}") = "HR.Modules.Workflows", "src\HR.Modules\Workflows\HR.Modules.Workflows.csproj", "{A1B2C3D4-CCCC-4000-8000-00000000000C}"
EndProject
Project("{FAE04EC0-301F-11D3-BF4B-00C04F79EFBC}") = "HR.Modules.Attendance", "src\HR.Modules\Attendance\HR.Modules.Attendance.csproj", "{A1B2C3D4-DDDD-4000-8000-00000000000D}"
EndProject
Project("{FAE04EC0-301F-11D3-BF4B-00C04F79EFBC}") = "HR.Modules.Payroll", "src\HR.Modules\Payroll\HR.Modules.Payroll.csproj", "{A1B2C3D4-EEEE-4000-8000-00000000000E}"
EndProject
Project("{FAE04EC0-301F-11D3-BF4B-00C04F79EFBC}") = "HR.Modules.Expenses", "src\HR.Modules\Expenses\HR.Modules.Expenses.csproj", "{A1B2C3D4-FFFF-4000-8000-00000000000F}"
EndProject
Project("{FAE04EC0-301F-11D3-BF4B-00C04F79EFBC}") = "HR.Modules.Loans", "src\HR.Modules\Loans\HR.Modules.Loans.csproj", "{B2C3D4E5-1111-4000-8000-000000000010}"
EndProject
Project("{FAE04EC0-301F-11D3-BF4B-00C04F79EFBC}") = "HR.Modules.Documents", "src\HR.Modules\Documents\HR.Modules.Documents.csproj", "{B2C3D4E5-2222-4000-8000-000000000011}"
EndProject
Project("{FAE04EC0-301F-11D3-BF4B-00C04F79EFBC}") = "HR.Modules.Reports", "src\HR.Modules\Reports\HR.Modules.Reports.csproj", "{B2C3D4E5-3333-4000-8000-000000000012}"
EndProject
Project("{FAE04EC0-301F-11D3-BF4B-00C04F79EFBC}") = "HR.Modules.Dashboards", "src\HR.Modules\Dashboards\HR.Modules.Dashboards.csproj", "{B2C3D4E5-4444-4000-8000-000000000013}"
EndProject
Project("{FAE04EC0-301F-11D3-BF4B-00C04F79EFBC}") = "HR.Modules.Notifications", "src\HR.Modules\Notifications\HR.Modules.Notifications.csproj", "{B2C3D4E5-5555-4000-8000-000000000014}"
EndProject
Project("{FAE04EC0-301F-11D3-BF4B-00C04F79EFBC}") = "HR.Modules.Platform", "src\HR.Modules\Platform\HR.Modules.Platform.csproj", "{B2C3D4E5-6666-4000-8000-000000000015}"
EndProject
Project("{2150E333-8FDC-42A3-9474-1A3956D46DE8}") = "tests", "tests", "{3615F0A8-60C2-417C-B51E-59BB5B5BBA5C}"
EndProject
Project("{FAE04EC0-301F-11D3-BF4B-00C04F79EFBC}") = "HR.Modules.Workflows.Tests", "tests\HR.Modules.Workflows.Tests\HR.Modules.Workflows.Tests.csproj", "{4B6DB4E4-D7E5-4FD6-B1A9-3782E9BACCE7}"
EndProject
Project("{FAE04EC0-301F-11D3-BF4B-00C04F79EFBC}") = "HR.Modules.Employees.Tests", "tests\HR.Modules.Employees.Tests\HR.Modules.Employees.Tests.csproj", "{8A7F04B2-99B0-40DC-B215-0D3EC2E5BF07}"
EndProject
Project("{2150E333-8FDC-42A3-9474-1A3956D46DE8}") = "src", "src", "{827E0CD3-B72D-47B6-A68D-7590B98EB39B}"
EndProject
Global
	GlobalSection(SolutionConfigurationPlatforms) = preSolution
		Debug|Any CPU = Debug|Any CPU
		Debug|x64 = Debug|x64
		Debug|x86 = Debug|x86
		Release|Any CPU = Release|Any CPU
		Release|x64 = Release|x64
		Release|x86 = Release|x86
	EndGlobalSection
	GlobalSection(ProjectConfigurationPlatforms) = postSolution
		{A1B2C3D4-1111-4000-8000-000000000001}.Debug|Any CPU.ActiveCfg = Debug|Any CPU
		{A1B2C3D4-1111-4000-8000-000000000001}.Debug|Any CPU.Build.0 = Debug|Any CPU
		{A1B2C3D4-1111-4000-8000-000000000001}.Debug|x64.ActiveCfg = Debug|Any CPU
		{A1B2C3D4-1111-4000-8000-000000000001}.Debug|x64.Build.0 = Debug|Any CPU
		{A1B2C3D4-1111-4000-8000-000000000001}.Debug|x86.ActiveCfg = Debug|Any CPU
		{A1B2C3D4-1111-4000-8000-000000000001}.Debug|x86.Build.0 = Debug|Any CPU
		{A1B2C3D4-1111-4000-8000-000000000001}.Release|Any CPU.ActiveCfg = Release|Any CPU
		{A1B2C3D4-1111-4000-8000-000000000001}.Release|Any CPU.Build.0 = Release|Any CPU
		{A1B2C3D4-1111-4000-8000-000000000001}.Release|x64.ActiveCfg = Release|Any CPU
		{A1B2C3D4-1111-4000-8000-000000000001}.Release|x64.Build.0 = Release|Any CPU
		{A1B2C3D4-1111-4000-8000-000000000001}.Release|x86.ActiveCfg = Release|Any CPU
		{A1B2C3D4-1111-4000-8000-000000000001}.Release|x86.Build.0 = Release|Any CPU
		{A1B2C3D4-2222-4000-8000-000000000002}.Debug|Any CPU.ActiveCfg = Debug|Any CPU
		{A1B2C3D4-2222-4000-8000-000000000002}.Debug|Any CPU.Build.0 = Debug|Any CPU
		{A1B2C3D4-2222-4000-8000-000000000002}.Debug|x64.ActiveCfg = Debug|Any CPU
		{A1B2C3D4-2222-4000-8000-000000000002}.Debug|x64.Build.0 = Debug|Any CPU
		{A1B2C3D4-2222-4000-8000-000000000002}.Debug|x86.ActiveCfg = Debug|Any CPU
		{A1B2C3D4-2222-4000-8000-000000000002}.Debug|x86.Build.0 = Debug|Any CPU
		{A1B2C3D4-2222-4000-8000-000000000002}.Release|Any CPU.ActiveCfg = Release|Any CPU
		{A1B2C3D4-2222-4000-8000-000000000002}.Release|Any CPU.Build.0 = Release|Any CPU
		{A1B2C3D4-2222-4000-8000-000000000002}.Release|x64.ActiveCfg = Release|Any CPU
		{A1B2C3D4-2222-4000-8000-000000000002}.Release|x64.Build.0 = Release|Any CPU
		{A1B2C3D4-2222-4000-8000-000000000002}.Release|x86.ActiveCfg = Release|Any CPU
		{A1B2C3D4-2222-4000-8000-000000000002}.Release|x86.Build.0 = Release|Any CPU
		{A1B2C3D4-3333-4000-8000-000000000003}.Debug|Any CPU.ActiveCfg = Debug|Any CPU
		{A1B2C3D4-3333-4000-8000-000000000003}.Debug|Any CPU.Build.0 = Debug|Any CPU
		{A1B2C3D4-3333-4000-8000-000000000003}.Debug|x64.ActiveCfg = Debug|Any CPU
		{A1B2C3D4-3333-4000-8000-000000000003}.Debug|x64.Build.0 = Debug|Any CPU
		{A1B2C3D4-3333-4000-8000-000000000003}.Debug|x86.ActiveCfg = Debug|Any CPU
		{A1B2C3D4-3333-4000-8000-000000000003}.Debug|x86.Build.0 = Debug|Any CPU
		{A1B2C3D4-3333-4000-8000-000000000003}.Release|Any CPU.ActiveCfg = Release|Any CPU
		{A1B2C3D4-3333-4000-8000-000000000003}.Release|Any CPU.Build.0 = Release|Any CPU
		{A1B2C3D4-3333-4000-8000-000000000003}.Release|x64.ActiveCfg = Release|Any CPU
		{A1B2C3D4-3333-4000-8000-000000000003}.Release|x64.Build.0 = Release|Any CPU
		{A1B2C3D4-3333-4000-8000-000000000003}.Release|x86.ActiveCfg = Release|Any CPU
		{A1B2C3D4-3333-4000-8000-000000000003}.Release|x86.Build.0 = Release|Any CPU
		{A1B2C3D4-4444-4000-8000-000000000004}.Debug|Any CPU.ActiveCfg = Debug|Any CPU
		{A1B2C3D4-4444-4000-8000-000000000004}.Debug|Any CPU.Build.0 = Debug|Any CPU
		{A1B2C3D4-4444-4000-8000-000000000004}.Debug|x64.ActiveCfg = Debug|Any CPU
		{A1B2C3D4-4444-4000-8000-000000000004}.Debug|x64.Build.0 = Debug|Any CPU
		{A1B2C3D4-4444-4000-8000-000000000004}.Debug|x86.ActiveCfg = Debug|Any CPU
		{A1B2C3D4-4444-4000-8000-000000000004}.Debug|x86.Build.0 = Debug|Any CPU
		{A1B2C3D4-4444-4000-8000-000000000004}.Release|Any CPU.ActiveCfg = Release|Any CPU
		{A1B2C3D4-4444-4000-8000-000000000004}.Release|Any CPU.Build.0 = Release|Any CPU
		{A1B2C3D4-4444-4000-8000-000000000004}.Release|x64.ActiveCfg = Release|Any CPU
		{A1B2C3D4-4444-4000-8000-000000000004}.Release|x64.Build.0 = Release|Any CPU
		{A1B2C3D4-4444-4000-8000-000000000004}.Release|x86.ActiveCfg = Release|Any CPU
		{A1B2C3D4-4444-4000-8000-000000000004}.Release|x86.Build.0 = Release|Any CPU
		{A1B2C3D4-5555-4000-8000-000000000005}.Debug|Any CPU.ActiveCfg = Debug|Any CPU
		{A1B2C3D4-5555-4000-8000-000000000005}.Debug|Any CPU.Build.0 = Debug|Any CPU
		{A1B2C3D4-5555-4000-8000-000000000005}.Debug|x64.ActiveCfg = Debug|Any CPU
		{A1B2C3D4-5555-4000-8000-000000000005}.Debug|x64.Build.0 = Debug|Any CPU
		{A1B2C3D4-5555-4000-8000-000000000005}.Debug|x86.ActiveCfg = Debug|Any CPU
		{A1B2C3D4-5555-4000-8000-000000000005}.Debug|x86.Build.0 = Debug|Any CPU
		{A1B2C3D4-5555-4000-8000-000000000005}.Release|Any CPU.ActiveCfg = Release|Any CPU
		{A1B2C3D4-5555-4000-8000-000000000005}.Release|Any CPU.Build.0 = Release|Any CPU
		{A1B2C3D4-5555-4000-8000-000000000005}.Release|x64.ActiveCfg = Release|Any CPU
		{A1B2C3D4-5555-4000-8000-000000000005}.Release|x64.Build.0 = Release|Any CPU
		{A1B2C3D4-5555-4000-8000-000000000005}.Release|x86.ActiveCfg = Release|Any CPU
		{A1B2C3D4-5555-4000-8000-000000000005}.Release|x86.Build.0 = Release|Any CPU
		{A1B2C3D4-6666-4000-8000-000000000006}.Debug|Any CPU.ActiveCfg = Debug|Any CPU
		{A1B2C3D4-6666-4000-8000-000000000006}.Debug|Any CPU.Build.0 = Debug|Any CPU
		{A1B2C3D4-6666-4000-8000-000000000006}.Debug|x64.ActiveCfg = Debug|Any CPU
		{A1B2C3D4-6666-4000-8000-000000000006}.Debug|x64.Build.0 = Debug|Any CPU
		{A1B2C3D4-6666-4000-8000-000000000006}.Debug|x86.ActiveCfg = Debug|Any CPU
		{A1B2C3D4-6666-4000-8000-000000000006}.Debug|x86.Build.0 = Debug|Any CPU
		{A1B2C3D4-6666-4000-8000-000000000006}.Release|Any CPU.ActiveCfg = Release|Any CPU
		{A1B2C3D4-6666-4000-8000-000000000006}.Release|Any CPU.Build.0 = Release|Any CPU
		{A1B2C3D4-6666-4000-8000-000000000006}.Release|x64.ActiveCfg = Release|Any CPU
		{A1B2C3D4-6666-4000-8000-000000000006}.Release|x64.Build.0 = Release|Any CPU
		{A1B2C3D4-6666-4000-8000-000000000006}.Release|x86.ActiveCfg = Release|Any CPU
		{A1B2C3D4-6666-4000-8000-000000000006}.Release|x86.Build.0 = Release|Any CPU
		{A1B2C3D4-7777-4000-8000-000000000007}.Debug|Any CPU.ActiveCfg = Debug|Any CPU
		{A1B2C3D4-7777-4000-8000-000000000007}.Debug|Any CPU.Build.0 = Debug|Any CPU
		{A1B2C3D4-7777-4000-8000-000000000007}.Debug|x64.ActiveCfg = Debug|Any CPU
		{A1B2C3D4-7777-4000-8000-000000000007}.Debug|x64.Build.0 = Debug|Any CPU
		{A1B2C3D4-7777-4000-8000-000000000007}.Debug|x86.ActiveCfg = Debug|Any CPU
		{A1B2C3D4-7777-4000-8000-000000000007}.Debug|x86.Build.0 = Debug|Any CPU
		{A1B2C3D4-7777-4000-8000-000000000007}.Release|Any CPU.ActiveCfg = Release|Any CPU
		{A1B2C3D4-7777-4000-8000-000000000007}.Release|Any CPU.Build.0 = Release|Any CPU
		{A1B2C3D4-7777-4000-8000-000000000007}.Release|x64.ActiveCfg = Release|Any CPU
		{A1B2C3D4-7777-4000-8000-000000000007}.Release|x64.Build.0 = Release|Any CPU
		{A1B2C3D4-7777-4000-8000-000000000007}.Release|x86.ActiveCfg = Release|Any CPU
		{A1B2C3D4-7777-4000-8000-000000000007}.Release|x86.Build.0 = Release|Any CPU
		{A1B2C3D4-8888-4000-8000-000000000008}.Debug|Any CPU.ActiveCfg = Debug|Any CPU
		{A1B2C3D4-8888-4000-8000-000000000008}.Debug|Any CPU.Build.0 = Debug|Any CPU
		{A1B2C3D4-8888-4000-8000-000000000008}.Debug|x64.ActiveCfg = Debug|Any CPU
		{A1B2C3D4-8888-4000-8000-000000000008}.Debug|x64.Build.0 = Debug|Any CPU
		{A1B2C3D4-8888-4000-8000-000000000008}.Debug|x86.ActiveCfg = Debug|Any CPU
		{A1B2C3D4-8888-4000-8000-000000000008}.Debug|x86.Build.0 = Debug|Any CPU
		{A1B2C3D4-8888-4000-8000-000000000008}.Release|Any CPU.ActiveCfg = Release|Any CPU
		{A1B2C3D4-8888-4000-8000-000000000008}.Release|Any CPU.Build.0 = Release|Any CPU
		{A1B2C3D4-8888-4000-8000-000000000008}.Release|x64.ActiveCfg = Release|Any CPU
		{A1B2C3D4-8888-4000-8000-000000000008}.Release|x64.Build.0 = Release|Any CPU
		{A1B2C3D4-8888-4000-8000-000000000008}.Release|x86.ActiveCfg = Release|Any CPU
		{A1B2C3D4-8888-4000-8000-000000000008}.Release|x86.Build.0 = Release|Any CPU
		{A1B2C3D4-9999-4000-8000-000000000009}.Debug|Any CPU.ActiveCfg = Debug|Any CPU
		{A1B2C3D4-9999-4000-8000-000000000009}.Debug|Any CPU.Build.0 = Debug|Any CPU
		{A1B2C3D4-9999-4000-8000-000000000009}.Debug|x64.ActiveCfg = Debug|Any CPU
		{A1B2C3D4-9999-4000-8000-000000000009}.Debug|x64.Build.0 = Debug|Any CPU
		{A1B2C3D4-9999-4000-8000-000000000009}.Debug|x86.ActiveCfg = Debug|Any CPU
		{A1B2C3D4-9999-4000-8000-000000000009}.Debug|x86.Build.0 = Debug|Any CPU
		{A1B2C3D4-9999-4000-8000-000000000009}.Release|Any CPU.ActiveCfg = Release|Any CPU
		{A1B2C3D4-9999-4000-8000-000000000009}.Release|Any CPU.Build.0 = Release|Any CPU
		{A1B2C3D4-9999-4000-8000-000000000009}.Release|x64.ActiveCfg = Release|Any CPU
		{A1B2C3D4-9999-4000-8000-000000000009}.Release|x64.Build.0 = Release|Any CPU
		{A1B2C3D4-9999-4000-8000-000000000009}.Release|x86.ActiveCfg = Release|Any CPU
		{A1B2C3D4-9999-4000-8000-000000000009}.Release|x86.Build.0 = Release|Any CPU
		{A1B2C3D4-AAAA-4000-8000-00000000000A}.Debug|Any CPU.ActiveCfg = Debug|Any CPU
		{A1B2C3D4-AAAA-4000-8000-00000000000A}.Debug|Any CPU.Build.0 = Debug|Any CPU
		{A1B2C3D4-AAAA-4000-8000-00000000000A}.Debug|x64.ActiveCfg = Debug|Any CPU
		{A1B2C3D4-AAAA-4000-8000-00000000000A}.Debug|x64.Build.0 = Debug|Any CPU
		{A1B2C3D4-AAAA-4000-8000-00000000000A}.Debug|x86.ActiveCfg = Debug|Any CPU
		{A1B2C3D4-AAAA-4000-8000-00000000000A}.Debug|x86.Build.0 = Debug|Any CPU
		{A1B2C3D4-AAAA-4000-8000-00000000000A}.Release|Any CPU.ActiveCfg = Release|Any CPU
		{A1B2C3D4-AAAA-4000-8000-00000000000A}.Release|Any CPU.Build.0 = Release|Any CPU
		{A1B2C3D4-AAAA-4000-8000-00000000000A}.Release|x64.ActiveCfg = Release|Any CPU
		{A1B2C3D4-AAAA-4000-8000-00000000000A}.Release|x64.Build.0 = Release|Any CPU
		{A1B2C3D4-AAAA-4000-8000-00000000000A}.Release|x86.ActiveCfg = Release|Any CPU
		{A1B2C3D4-AAAA-4000-8000-00000000000A}.Release|x86.Build.0 = Release|Any CPU
		{A1B2C3D4-BBBB-4000-8000-00000000000B}.Debug|Any CPU.ActiveCfg = Debug|Any CPU
		{A1B2C3D4-BBBB-4000-8000-00000000000B}.Debug|Any CPU.Build.0 = Debug|Any CPU
		{A1B2C3D4-BBBB-4000-8000-00000000000B}.Debug|x64.ActiveCfg = Debug|Any CPU
		{A1B2C3D4-BBBB-4000-8000-00000000000B}.Debug|x64.Build.0 = Debug|Any CPU
		{A1B2C3D4-BBBB-4000-8000-00000000000B}.Debug|x86.ActiveCfg = Debug|Any CPU
		{A1B2C3D4-BBBB-4000-8000-00000000000B}.Debug|x86.Build.0 = Debug|Any CPU
		{A1B2C3D4-BBBB-4000-8000-00000000000B}.Release|Any CPU.ActiveCfg = Release|Any CPU
		{A1B2C3D4-BBBB-4000-8000-00000000000B}.Release|Any CPU.Build.0 = Release|Any CPU
		{A1B2C3D4-BBBB-4000-8000-00000000000B}.Release|x64.ActiveCfg = Release|Any CPU
		{A1B2C3D4-BBBB-4000-8000-00000000000B}.Release|x64.Build.0 = Release|Any CPU
		{A1B2C3D4-BBBB-4000-8000-00000000000B}.Release|x86.ActiveCfg = Release|Any CPU
		{A1B2C3D4-BBBB-4000-8000-00000000000B}.Release|x86.Build.0 = Release|Any CPU
		{A1B2C3D4-CCCC-4000-8000-00000000000C}.Debug|Any CPU.ActiveCfg = Debug|Any CPU
		{A1B2C3D4-CCCC-4000-8000-00000000000C}.Debug|Any CPU.Build.0 = Debug|Any CPU
		{A1B2C3D4-CCCC-4000-8000-00000000000C}.Debug|x64.ActiveCfg = Debug|Any CPU
		{A1B2C3D4-CCCC-4000-8000-00000000000C}.Debug|x64.Build.0 = Debug|Any CPU
		{A1B2C3D4-CCCC-4000-8000-00000000000C}.Debug|x86.ActiveCfg = Debug|Any CPU
		{A1B2C3D4-CCCC-4000-8000-00000000000C}.Debug|x86.Build.0 = Debug|Any CPU
		{A1B2C3D4-CCCC-4000-8000-00000000000C}.Release|Any CPU.ActiveCfg = Release|Any CPU
		{A1B2C3D4-CCCC-4000-8000-00000000000C}.Release|Any CPU.Build.0 = Release|Any CPU
		{A1B2C3D4-CCCC-4000-8000-00000000000C}.Release|x64.ActiveCfg = Release|Any CPU
		{A1B2C3D4-CCCC-4000-8000-00000000000C}.Release|x64.Build.0 = Release|Any CPU
		{A1B2C3D4-CCCC-4000-8000-00000000000C}.Release|x86.ActiveCfg = Release|Any CPU
		{A1B2C3D4-CCCC-4000-8000-00000000000C}.Release|x86.Build.0 = Release|Any CPU
		{A1B2C3D4-DDDD-4000-8000-00000000000D}.Debug|Any CPU.ActiveCfg = Debug|Any CPU
		{A1B2C3D4-DDDD-4000-8000-00000000000D}.Debug|Any CPU.Build.0 = Debug|Any CPU
		{A1B2C3D4-DDDD-4000-8000-00000000000D}.Debug|x64.ActiveCfg = Debug|Any CPU
		{A1B2C3D4-DDDD-4000-8000-00000000000D}.Debug|x64.Build.0 = Debug|Any CPU
		{A1B2C3D4-DDDD-4000-8000-00000000000D}.Debug|x86.ActiveCfg = Debug|Any CPU
		{A1B2C3D4-DDDD-4000-8000-00000000000D}.Debug|x86.Build.0 = Debug|Any CPU
		{A1B2C3D4-DDDD-4000-8000-00000000000D}.Release|Any CPU.ActiveCfg = Release|Any CPU
		{A1B2C3D4-DDDD-4000-8000-00000000000D}.Release|Any CPU.Build.0 = Release|Any CPU
		{A1B2C3D4-DDDD-4000-8000-00000000000D}.Release|x64.ActiveCfg = Release|Any CPU
		{A1B2C3D4-DDDD-4000-8000-00000000000D}.Release|x64.Build.0 = Release|Any CPU
		{A1B2C3D4-DDDD-4000-8000-00000000000D}.Release|x86.ActiveCfg = Release|Any CPU
		{A1B2C3D4-DDDD-4000-8000-00000000000D}.Release|x86.Build.0 = Release|Any CPU
		{A1B2C3D4-EEEE-4000-8000-00000000000E}.Debug|Any CPU.ActiveCfg = Debug|Any CPU
		{A1B2C3D4-EEEE-4000-8000-00000000000E}.Debug|Any CPU.Build.0 = Debug|Any CPU
		{A1B2C3D4-EEEE-4000-8000-00000000000E}.Debug|x64.ActiveCfg = Debug|Any CPU
		{A1B2C3D4-EEEE-4000-8000-00000000000E}.Debug|x64.Build.0 = Debug|Any CPU
		{A1B2C3D4-EEEE-4000-8000-00000000000E}.Debug|x86.ActiveCfg = Debug|Any CPU
		{A1B2C3D4-EEEE-4000-8000-00000000000E}.Debug|x86.Build.0 = Debug|Any CPU
		{A1B2C3D4-EEEE-4000-8000-00000000000E}.Release|Any CPU.ActiveCfg = Release|Any CPU
		{A1B2C3D4-EEEE-4000-8000-00000000000E}.Release|Any CPU.Build.0 = Release|Any CPU
		{A1B2C3D4-EEEE-4000-8000-00000000000E}.Release|x64.ActiveCfg = Release|Any CPU
		{A1B2C3D4-EEEE-4000-8000-00000000000E}.Release|x64.Build.0 = Release|Any CPU
		{A1B2C3D4-EEEE-4000-8000-00000000000E}.Release|x86.ActiveCfg = Release|Any CPU
		{A1B2C3D4-EEEE-4000-8000-00000000000E}.Release|x86.Build.0 = Release|Any CPU
		{A1B2C3D4-FFFF-4000-8000-00000000000F}.Debug|Any CPU.ActiveCfg = Debug|Any CPU
		{A1B2C3D4-FFFF-4000-8000-00000000000F}.Debug|Any CPU.Build.0 = Debug|Any CPU
		{A1B2C3D4-FFFF-4000-8000-00000000000F}.Debug|x64.ActiveCfg = Debug|Any CPU
		{A1B2C3D4-FFFF-4000-8000-00000000000F}.Debug|x64.Build.0 = Debug|Any CPU
		{A1B2C3D4-FFFF-4000-8000-00000000000F}.Debug|x86.ActiveCfg = Debug|Any CPU
		{A1B2C3D4-FFFF-4000-8000-00000000000F}.Debug|x86.Build.0 = Debug|Any CPU
		{A1B2C3D4-FFFF-4000-8000-00000000000F}.Release|Any CPU.ActiveCfg = Release|Any CPU
		{A1B2C3D4-FFFF-4000-8000-00000000000F}.Release|Any CPU.Build.0 = Release|Any CPU
		{A1B2C3D4-FFFF-4000-8000-00000000000F}.Release|x64.ActiveCfg = Release|Any CPU
		{A1B2C3D4-FFFF-4000-8000-00000000000F}.Release|x64.Build.0 = Release|Any CPU
		{A1B2C3D4-FFFF-4000-8000-00000000000F}.Release|x86.ActiveCfg = Release|Any CPU
		{A1B2C3D4-FFFF-4000-8000-00000000000F}.Release|x86.Build.0 = Release|Any CPU
		{B2C3D4E5-1111-4000-8000-000000000010}.Debug|Any CPU.ActiveCfg = Debug|Any CPU
		{B2C3D4E5-1111-4000-8000-000000000010}.Debug|Any CPU.Build.0 = Debug|Any CPU
		{B2C3D4E5-1111-4000-8000-000000000010}.Debug|x64.ActiveCfg = Debug|Any CPU
		{B2C3D4E5-1111-4000-8000-000000000010}.Debug|x64.Build.0 = Debug|Any CPU
		{B2C3D4E5-1111-4000-8000-000000000010}.Debug|x86.ActiveCfg = Debug|Any CPU
		{B2C3D4E5-1111-4000-8000-000000000010}.Debug|x86.Build.0 = Debug|Any CPU
		{B2C3D4E5-1111-4000-8000-000000000010}.Release|Any CPU.ActiveCfg = Release|Any CPU
		{B2C3D4E5-1111-4000-8000-000000000010}.Release|Any CPU.Build.0 = Release|Any CPU
		{B2C3D4E5-1111-4000-8000-000000000010}.Release|x64.ActiveCfg = Release|Any CPU
		{B2C3D4E5-1111-4000-8000-000000000010}.Release|x64.Build.0 = Release|Any CPU
		{B2C3D4E5-1111-4000-8000-000000000010}.Release|x86.ActiveCfg = Release|Any CPU
		{B2C3D4E5-1111-4000-8000-000000000010}.Release|x86.Build.0 = Release|Any CPU
		{B2C3D4E5-2222-4000-8000-000000000011}.Debug|Any CPU.ActiveCfg = Debug|Any CPU
		{B2C3D4E5-2222-4000-8000-000000000011}.Debug|Any CPU.Build.0 = Debug|Any CPU
		{B2C3D4E5-2222-4000-8000-000000000011}.Debug|x64.ActiveCfg = Debug|Any CPU
		{B2C3D4E5-2222-4000-8000-000000000011}.Debug|x64.Build.0 = Debug|Any CPU
		{B2C3D4E5-2222-4000-8000-000000000011}.Debug|x86.ActiveCfg = Debug|Any CPU
		{B2C3D4E5-2222-4000-8000-000000000011}.Debug|x86.Build.0 = Debug|Any CPU
		{B2C3D4E5-2222-4000-8000-000000000011}.Release|Any CPU.ActiveCfg = Release|Any CPU
		{B2C3D4E5-2222-4000-8000-000000000011}.Release|Any CPU.Build.0 = Release|Any CPU
		{B2C3D4E5-2222-4000-8000-000000000011}.Release|x64.ActiveCfg = Release|Any CPU
		{B2C3D4E5-2222-4000-8000-000000000011}.Release|x64.Build.0 = Release|Any CPU
		{B2C3D4E5-2222-4000-8000-000000000011}.Release|x86.ActiveCfg = Release|Any CPU
		{B2C3D4E5-2222-4000-8000-000000000011}.Release|x86.Build.0 = Release|Any CPU
		{B2C3D4E5-3333-4000-8000-000000000012}.Debug|Any CPU.ActiveCfg = Debug|Any CPU
		{B2C3D4E5-3333-4000-8000-000000000012}.Debug|Any CPU.Build.0 = Debug|Any CPU
		{B2C3D4E5-3333-4000-8000-000000000012}.Debug|x64.ActiveCfg = Debug|Any CPU
		{B2C3D4E5-3333-4000-8000-000000000012}.Debug|x64.Build.0 = Debug|Any CPU
		{B2C3D4E5-3333-4000-8000-000000000012}.Debug|x86.ActiveCfg = Debug|Any CPU
		{B2C3D4E5-3333-4000-8000-000000000012}.Debug|x86.Build.0 = Debug|Any CPU
		{B2C3D4E5-3333-4000-8000-000000000012}.Release|Any CPU.ActiveCfg = Release|Any CPU
		{B2C3D4E5-3333-4000-8000-000000000012}.Release|Any CPU.Build.0 = Release|Any CPU
		{B2C3D4E5-3333-4000-8000-000000000012}.Release|x64.ActiveCfg = Release|Any CPU
		{B2C3D4E5-3333-4000-8000-000000000012}.Release|x64.Build.0 = Release|Any CPU
		{B2C3D4E5-3333-4000-8000-000000000012}.Release|x86.ActiveCfg = Release|Any CPU
		{B2C3D4E5-3333-4000-8000-000000000012}.Release|x86.Build.0 = Release|Any CPU
		{B2C3D4E5-4444-4000-8000-000000000013}.Debug|Any CPU.ActiveCfg = Debug|Any CPU
		{B2C3D4E5-4444-4000-8000-000000000013}.Debug|Any CPU.Build.0 = Debug|Any CPU
		{B2C3D4E5-4444-4000-8000-000000000013}.Debug|x64.ActiveCfg = Debug|Any CPU
		{B2C3D4E5-4444-4000-8000-000000000013}.Debug|x64.Build.0 = Debug|Any CPU
		{B2C3D4E5-4444-4000-8000-000000000013}.Debug|x86.ActiveCfg = Debug|Any CPU
		{B2C3D4E5-4444-4000-8000-000000000013}.Debug|x86.Build.0 = Debug|Any CPU
		{B2C3D4E5-4444-4000-8000-000000000013}.Release|Any CPU.ActiveCfg = Release|Any CPU
		{B2C3D4E5-4444-4000-8000-000000000013}.Release|Any CPU.Build.0 = Release|Any CPU
		{B2C3D4E5-4444-4000-8000-000000000013}.Release|x64.ActiveCfg = Release|Any CPU
		{B2C3D4E5-4444-4000-8000-000000000013}.Release|x64.Build.0 = Release|Any CPU
		{B2C3D4E5-4444-4000-8000-000000000013}.Release|x86.ActiveCfg = Release|Any CPU
		{B2C3D4E5-4444-4000-8000-000000000013}.Release|x86.Build.0 = Release|Any CPU
		{B2C3D4E5-5555-4000-8000-000000000014}.Debug|Any CPU.ActiveCfg = Debug|Any CPU
		{B2C3D4E5-5555-4000-8000-000000000014}.Debug|Any CPU.Build.0 = Debug|Any CPU
		{B2C3D4E5-5555-4000-8000-000000000014}.Debug|x64.ActiveCfg = Debug|Any CPU
		{B2C3D4E5-5555-4000-8000-000000000014}.Debug|x64.Build.0 = Debug|Any CPU
		{B2C3D4E5-5555-4000-8000-000000000014}.Debug|x86.ActiveCfg = Debug|Any CPU
		{B2C3D4E5-5555-4000-8000-000000000014}.Debug|x86.Build.0 = Debug|Any CPU
		{B2C3D4E5-5555-4000-8000-000000000014}.Release|Any CPU.ActiveCfg = Release|Any CPU
		{B2C3D4E5-5555-4000-8000-000000000014}.Release|Any CPU.Build.0 = Release|Any CPU
		{B2C3D4E5-5555-4000-8000-000000000014}.Release|x64.ActiveCfg = Release|Any CPU
		{B2C3D4E5-5555-4000-8000-000000000014}.Release|x64.Build.0 = Release|Any CPU
		{B2C3D4E5-5555-4000-8000-000000000014}.Release|x86.ActiveCfg = Release|Any CPU
		{B2C3D4E5-5555-4000-8000-000000000014}.Release|x86.Build.0 = Release|Any CPU
		{B2C3D4E5-6666-4000-8000-000000000015}.Debug|Any CPU.ActiveCfg = Debug|Any CPU
		{B2C3D4E5-6666-4000-8000-000000000015}.Debug|Any CPU.Build.0 = Debug|Any CPU
		{B2C3D4E5-6666-4000-8000-000000000015}.Debug|x64.ActiveCfg = Debug|Any CPU
		{B2C3D4E5-6666-4000-8000-000000000015}.Debug|x64.Build.0 = Debug|Any CPU
		{B2C3D4E5-6666-4000-8000-000000000015}.Debug|x86.ActiveCfg = Debug|Any CPU
		{B2C3D4E5-6666-4000-8000-000000000015}.Debug|x86.Build.0 = Debug|Any CPU
		{B2C3D4E5-6666-4000-8000-000000000015}.Release|Any CPU.ActiveCfg = Release|Any CPU
		{B2C3D4E5-6666-4000-8000-000000000015}.Release|Any CPU.Build.0 = Release|Any CPU
		{B2C3D4E5-6666-4000-8000-000000000015}.Release|x64.ActiveCfg = Release|Any CPU
		{B2C3D4E5-6666-4000-8000-000000000015}.Release|x64.Build.0 = Release|Any CPU
		{B2C3D4E5-6666-4000-8000-000000000015}.Release|x86.ActiveCfg = Release|Any CPU
		{B2C3D4E5-6666-4000-8000-000000000015}.Release|x86.Build.0 = Release|Any CPU
		{4B6DB4E4-D7E5-4FD6-B1A9-3782E9BACCE7}.Debug|Any CPU.ActiveCfg = Debug|Any CPU
		{4B6DB4E4-D7E5-4FD6-B1A9-3782E9BACCE7}.Debug|Any CPU.Build.0 = Debug|Any CPU
		{4B6DB4E4-D7E5-4FD6-B1A9-3782E9BACCE7}.Debug|x64.ActiveCfg = Debug|Any CPU
		{4B6DB4E4-D7E5-4FD6-B1A9-3782E9BACCE7}.Debug|x64.Build.0 = Debug|Any CPU
		{4B6DB4E4-D7E5-4FD6-B1A9-3782E9BACCE7}.Debug|x86.ActiveCfg = Debug|Any CPU
		{4B6DB4E4-D7E5-4FD6-B1A9-3782E9BACCE7}.Debug|x86.Build.0 = Debug|Any CPU
		{4B6DB4E4-D7E5-4FD6-B1A9-3782E9BACCE7}.Release|Any CPU.ActiveCfg = Release|Any CPU
		{4B6DB4E4-D7E5-4FD6-B1A9-3782E9BACCE7}.Release|Any CPU.Build.0 = Release|Any CPU
		{4B6DB4E4-D7E5-4FD6-B1A9-3782E9BACCE7}.Release|x64.ActiveCfg = Release|Any CPU
		{4B6DB4E4-D7E5-4FD6-B1A9-3782E9BACCE7}.Release|x64.Build.0 = Release|Any CPU
		{4B6DB4E4-D7E5-4FD6-B1A9-3782E9BACCE7}.Release|x86.ActiveCfg = Release|Any CPU
		{4B6DB4E4-D7E5-4FD6-B1A9-3782E9BACCE7}.Release|x86.Build.0 = Release|Any CPU
		{8A7F04B2-99B0-40DC-B215-0D3EC2E5BF07}.Debug|Any CPU.ActiveCfg = Debug|Any CPU
		{8A7F04B2-99B0-40DC-B215-0D3EC2E5BF07}.Debug|Any CPU.Build.0 = Debug|Any CPU
		{8A7F04B2-99B0-40DC-B215-0D3EC2E5BF07}.Debug|x64.ActiveCfg = Debug|Any CPU
		{8A7F04B2-99B0-40DC-B215-0D3EC2E5BF07}.Debug|x64.Build.0 = Debug|Any CPU
		{8A7F04B2-99B0-40DC-B215-0D3EC2E5BF07}.Debug|x86.ActiveCfg = Debug|Any CPU
		{8A7F04B2-99B0-40DC-B215-0D3EC2E5BF07}.Debug|x86.Build.0 = Debug|Any CPU
		{8A7F04B2-99B0-40DC-B215-0D3EC2E5BF07}.Release|Any CPU.ActiveCfg = Release|Any CPU
		{8A7F04B2-99B0-40DC-B215-0D3EC2E5BF07}.Release|Any CPU.Build.0 = Release|Any CPU
		{8A7F04B2-99B0-40DC-B215-0D3EC2E5BF07}.Release|x64.ActiveCfg = Release|Any CPU
		{8A7F04B2-99B0-40DC-B215-0D3EC2E5BF07}.Release|x64.Build.0 = Release|Any CPU
		{8A7F04B2-99B0-40DC-B215-0D3EC2E5BF07}.Release|x86.ActiveCfg = Release|Any CPU
		{8A7F04B2-99B0-40DC-B215-0D3EC2E5BF07}.Release|x86.Build.0 = Release|Any CPU
	EndGlobalSection
	GlobalSection(SolutionProperties) = preSolution
		HideSolutionNode = FALSE
	EndGlobalSection
	GlobalSection(NestedProjects) = preSolution
		{4B6DB4E4-D7E5-4FD6-B1A9-3782E9BACCE7} = {3615F0A8-60C2-417C-B51E-59BB5B5BBA5C}
		{8A7F04B2-99B0-40DC-B215-0D3EC2E5BF07} = {3615F0A8-60C2-417C-B51E-59BB5B5BBA5C}
	EndGlobalSection
EndGlobal
